// !$*UTF8*$!
{
	archiveVersion = 1;
	classes = {
	};
	objectVersion = 56;
	objects = {

/* Begin PBXBuildFile section */
		429E85592B0668720000E086 /* GenerationQuizView.swift in Sources */ = {isa = PBXBuildFile; fileRef = 429E85582B0668720000E086 /* GenerationQuizView.swift */; };
		429E855B2B0668800000E086 /* UpdownQuizView.swift in Sources */ = {isa = PBXBuildFile; fileRef = 429E855A2B0668800000E086 /* UpdownQuizView.swift */; };
		429E85612B0668BF0000E086 /* GenerationQuizViewModel.swift in Sources */ = {isa = PBXBuildFile; fileRef = 429E85602B0668BE0000E086 /* GenerationQuizViewModel.swift */; };
		DE7670B02B04F3E300DC2B40 /* PockmonAPIApp.swift in Sources */ = {isa = PBXBuildFile; fileRef = DE7670AF2B04F3E300DC2B40 /* PockmonAPIApp.swift */; };
		DE7670B22B04F3E300DC2B40 /* ContentView.swift in Sources */ = {isa = PBXBuildFile; fileRef = DE7670B12B04F3E300DC2B40 /* ContentView.swift */; };
		DE7670B42B04F3E500DC2B40 /* Assets.xcassets in Resources */ = {isa = PBXBuildFile; fileRef = DE7670B32B04F3E500DC2B40 /* Assets.xcassets */; };
		DE7670B72B04F3E500DC2B40 /* Preview Assets.xcassets in Resources */ = {isa = PBXBuildFile; fileRef = DE7670B62B04F3E500DC2B40 /* Preview Assets.xcassets */; };
		DE7670BE2B05084200DC2B40 /* Pokemon.swift in Sources */ = {isa = PBXBuildFile; fileRef = DE7670BD2B05084200DC2B40 /* Pokemon.swift */; };
		DE7670C02B05085A00DC2B40 /* ViewModel.swift in Sources */ = {isa = PBXBuildFile; fileRef = DE7670BF2B05085A00DC2B40 /* ViewModel.swift */; };
/* End PBXBuildFile section */

/* Begin PBXFileReference section */
		429E85582B0668720000E086 /* GenerationQuizView.swift */ = {isa = PBXFileReference; lastKnownFileType = sourcecode.swift; path = GenerationQuizView.swift; sourceTree = "<group>"; };
		429E855A2B0668800000E086 /* UpdownQuizView.swift */ = {isa = PBXFileReference; lastKnownFileType = sourcecode.swift; path = UpdownQuizView.swift; sourceTree = "<group>"; };
		429E85602B0668BE0000E086 /* GenerationQuizViewModel.swift */ = {isa = PBXFileReference; lastKnownFileType = sourcecode.swift; path = GenerationQuizViewModel.swift; sourceTree = "<group>"; };
		DE7670AC2B04F3E300DC2B40 /* PockmonAPI.app */ = {isa = PBXFileReference; explicitFileType = wrapper.application; includeInIndex = 0; path = PockmonAPI.app; sourceTree = BUILT_PRODUCTS_DIR; };
		DE7670AF2B04F3E300DC2B40 /* PockmonAPIApp.swift */ = {isa = PBXFileReference; lastKnownFileType = sourcecode.swift; path = PockmonAPIApp.swift; sourceTree = "<group>"; };
		DE7670B12B04F3E300DC2B40 /* ContentView.swift */ = {isa = PBXFileReference; lastKnownFileType = sourcecode.swift; path = ContentView.swift; sourceTree = "<group>"; };
		DE7670B32B04F3E500DC2B40 /* Assets.xcassets */ = {isa = PBXFileReference; lastKnownFileType = folder.assetcatalog; path = Assets.xcassets; sourceTree = "<group>"; };
		DE7670B62B04F3E500DC2B40 /* Preview Assets.xcassets */ = {isa = PBXFileReference; lastKnownFileType = folder.assetcatalog; path = "Preview Assets.xcassets"; sourceTree = "<group>"; };
		DE7670BD2B05084200DC2B40 /* Pokemon.swift */ = {isa = PBXFileReference; lastKnownFileType = sourcecode.swift; path = Pokemon.swift; sourceTree = "<group>"; };
		DE7670BF2B05085A00DC2B40 /* ViewModel.swift */ = {isa = PBXFileReference; lastKnownFileType = sourcecode.swift; path = ViewModel.swift; sourceTree = "<group>"; };
/* End PBXFileReference section */

/* Begin PBXFrameworksBuildPhase section */
		DE7670A92B04F3E300DC2B40 /* Frameworks */ = {
			isa = PBXFrameworksBuildPhase;
			buildActionMask = 2147483647;
			files = (
			);
			runOnlyForDeploymentPostprocessing = 0;
		};
/* End PBXFrameworksBuildPhase section */

/* Begin PBXGroup section */
		429E855C2B0668840000E086 /* View */ = {
			isa = PBXGroup;
			children = (
				429E85582B0668720000E086 /* GenerationQuizView.swift */,
				429E855A2B0668800000E086 /* UpdownQuizView.swift */,
			);
			path = View;
			sourceTree = "<group>";
		};
		429E855F2B0668A70000E086 /* ViewModel */ = {
			isa = PBXGroup;
			children = (
				429E85602B0668BE0000E086 /* GenerationQuizViewModel.swift */,
			);
			path = ViewModel;
			sourceTree = "<group>";
		};
		DE7670A32B04F3E300DC2B40 = {
			isa = PBXGroup;
			children = (
				429E855F2B0668A70000E086 /* ViewModel */,
				429E855C2B0668840000E086 /* View */,
				DE7670AE2B04F3E300DC2B40 /* PockmonAPI */,
				DE7670AD2B04F3E300DC2B40 /* Products */,
			);
			sourceTree = "<group>";
		};
		DE7670AD2B04F3E300DC2B40 /* Products */ = {
			isa = PBXGroup;
			children = (
				DE7670AC2B04F3E300DC2B40 /* PockmonAPI.app */,
			);
			name = Products;
			sourceTree = "<group>";
		};
		DE7670AE2B04F3E300DC2B40 /* PockmonAPI */ = {
			isa = PBXGroup;
			children = (
				DE7670AF2B04F3E300DC2B40 /* PockmonAPIApp.swift */,
				DE7670B12B04F3E300DC2B40 /* ContentView.swift */,
				DE7670B32B04F3E500DC2B40 /* Assets.xcassets */,
				DE7670B52B04F3E500DC2B40 /* Preview Content */,
				DE7670BD2B05084200DC2B40 /* Pokemon.swift */,
				DE7670BF2B05085A00DC2B40 /* ViewModel.swift */,
			);
			path = PockmonAPI;
			sourceTree = "<group>";
		};
		DE7670B52B04F3E500DC2B40 /* Preview Content */ = {
			isa = PBXGroup;
			children = (
				DE7670B62B04F3E500DC2B40 /* Preview Assets.xcassets */,
			);
			path = "Preview Content";
			sourceTree = "<group>";
		};
/* End PBXGroup section */

/* Begin PBXNativeTarget section */
		DE7670AB2B04F3E300DC2B40 /* PockmonAPI */ = {
			isa = PBXNativeTarget;
			buildConfigurationList = DE7670BA2B04F3E500DC2B40 /* Build configuration list for PBXNativeTarget "PockmonAPI" */;
			buildPhases = (
				DE7670A82B04F3E300DC2B40 /* Sources */,
				DE7670A92B04F3E300DC2B40 /* Frameworks */,
				DE7670AA2B04F3E300DC2B40 /* Resources */,
			);
			buildRules = (
			);
			dependencies = (
			);
			name = PockmonAPI;
			productName = PockmonAPI;
			productReference = DE7670AC2B04F3E300DC2B40 /* PockmonAPI.app */;
			productType = "com.apple.product-type.application";
		};
/* End PBXNativeTarget section */

/* Begin PBXProject section */
		DE7670A42B04F3E300DC2B40 /* Project object */ = {
			isa = PBXProject;
			attributes = {
				BuildIndependentTargetsInParallel = 1;
				LastSwiftUpdateCheck = 1430;
				LastUpgradeCheck = 1430;
				TargetAttributes = {
					DE7670AB2B04F3E300DC2B40 = {
						CreatedOnToolsVersion = 14.3.1;
					};
				};
			};
			buildConfigurationList = DE7670A72B04F3E300DC2B40 /* Build configuration list for PBXProject "PockmonAPI" */;
			compatibilityVersion = "Xcode 14.0";
			developmentRegion = en;
			hasScannedForEncodings = 0;
			knownRegions = (
				en,
				Base,
			);
			mainGroup = DE7670A32B04F3E300DC2B40;
			productRefGroup = DE7670AD2B04F3E300DC2B40 /* Products */;
			projectDirPath = "";
			projectRoot = "";
			targets = (
				DE7670AB2B04F3E300DC2B40 /* PockmonAPI */,
			);
		};
/* End PBXProject section */

/* Begin PBXResourcesBuildPhase section */
		DE7670AA2B04F3E300DC2B40 /* Resources */ = {
			isa = PBXResourcesBuildPhase;
			buildActionMask = 2147483647;
			files = (
				DE7670B72B04F3E500DC2B40 /* Preview Assets.xcassets in Resources */,
				DE7670B42B04F3E500DC2B40 /* Assets.xcassets in Resources */,
			);
			runOnlyForDeploymentPostprocessing = 0;
		};
/* End PBXResourcesBuildPhase section */

/* Begin PBXSourcesBuildPhase section */
		DE7670A82B04F3E300DC2B40 /* Sources */ = {
			isa = PBXSourcesBuildPhase;
			buildActionMask = 2147483647;
			files = (
				429E85612B0668BF0000E086 /* GenerationQuizViewModel.swift in Sources */,
				DE7670B22B04F3E300DC2B40 /* ContentView.swift in Sources */,
				429E85592B0668720000E086 /* GenerationQuizView.swift in Sources */,
				429E855B2B0668800000E086 /* UpdownQuizView.swift in Sources */,
				DE7670B02B04F3E300DC2B40 /* PockmonAPIApp.swift in Sources */,
				DE7670C02B05085A00DC2B40 /* ViewModel.swift in Sources */,
				DE7670BE2B05084200DC2B40 /* Pokemon.swift in Sources */,
			);
			runOnlyForDeploymentPostprocessing = 0;
		};
/* End PBXSourcesBuildPhase section */

/* Begin XCBuildConfiguration section */
		DE7670B82B04F3E500DC2B40 /* Debug */ = {
			isa = XCBuildConfiguration;
			buildSettings = {
				ALWAYS_SEARCH_USER_PATHS = NO;
				CLANG_ANALYZER_NONNULL = YES;
				CLANG_ANALYZER_NUMBER_OBJECT_CONVERSION = YES_AGGRESSIVE;
				CLANG_CXX_LANGUAGE_STANDARD = "gnu++20";
				CLANG_ENABLE_MODULES = YES;
				CLANG_ENABLE_OBJC_ARC = YES;
				CLANG_ENABLE_OBJC_WEAK = YES;
				CLANG_WARN_BLOCK_CAPTURE_AUTORELEASING = YES;
				CLANG_WARN_BOOL_CONVERSION = YES;
				CLANG_WARN_COMMA = YES;
				CLANG_WARN_CONSTANT_CONVERSION = YES;
				CLANG_WARN_DEPRECATED_OBJC_IMPLEMENTATIONS = YES;
				CLANG_WARN_DIRECT_OBJC_ISA_USAGE = YES_ERROR;
				CLANG_WARN_DOCUMENTATION_COMMENTS = YES;
				CLANG_WARN_EMPTY_BODY = YES;
				CLANG_WARN_ENUM_CONVERSION = YES;
				CLANG_WARN_INFINITE_RECURSION = YES;
				CLANG_WARN_INT_CONVERSION = YES;
				CLANG_WARN_NON_LITERAL_NULL_CONVERSION = YES;
				CLANG_WARN_OBJC_IMPLICIT_RETAIN_SELF = YES;
				CLANG_WARN_OBJC_LITERAL_CONVERSION = YES;
				CLANG_WARN_OBJC_ROOT_CLASS = YES_ERROR;
				CLANG_WARN_QUOTED_INCLUDE_IN_FRAMEWORK_HEADER = YES;
				CLANG_WARN_RANGE_LOOP_ANALYSIS = YES;
				CLANG_WARN_STRICT_PROTOTYPES = YES;
				CLANG_WARN_SUSPICIOUS_MOVE = YES;
				CLANG_WARN_UNGUARDED_AVAILABILITY = YES_AGGRESSIVE;
				CLANG_WARN_UNREACHABLE_CODE = YES;
				CLANG_WARN__DUPLICATE_METHOD_MATCH = YES;
				COPY_PHASE_STRIP = NO;
				DEBUG_INFORMATION_FORMAT = dwarf;
				ENABLE_STRICT_OBJC_MSGSEND = YES;
				ENABLE_TESTABILITY = YES;
				GCC_C_LANGUAGE_STANDARD = gnu11;
				GCC_DYNAMIC_NO_PIC = NO;
				GCC_NO_COMMON_BLOCKS = YES;
				GCC_OPTIMIZATION_LEVEL = 0;
				GCC_PREPROCESSOR_DEFINITIONS = (
					"DEBUG=1",
					"$(inherited)",
				);
				GCC_WARN_64_TO_32_BIT_CONVERSION = YES;
				GCC_WARN_ABOUT_RETURN_TYPE = YES_ERROR;
				GCC_WARN_UNDECLARED_SELECTOR = YES;
				GCC_WARN_UNINITIALIZED_AUTOS = YES_AGGRESSIVE;
				GCC_WARN_UNUSED_FUNCTION = YES;
				GCC_WARN_UNUSED_VARIABLE = YES;
				IPHONEOS_DEPLOYMENT_TARGET = 16.4;
				MTL_ENABLE_DEBUG_INFO = INCLUDE_SOURCE;
				MTL_FAST_MATH = YES;
				ONLY_ACTIVE_ARCH = YES;
				SDKROOT = iphoneos;
				SWIFT_ACTIVE_COMPILATION_CONDITIONS = DEBUG;
				SWIFT_OPTIMIZATION_LEVEL = "-Onone";
			};
			name = Debug;
		};
		DE7670B92B04F3E500DC2B40 /* Release */ = {
			isa = XCBuildConfiguration;
			buildSettings = {
				ALWAYS_SEARCH_USER_PATHS = NO;
				CLANG_ANALYZER_NONNULL = YES;
				CLANG_ANALYZER_NUMBER_OBJECT_CONVERSION = YES_AGGRESSIVE;
				CLANG_CXX_LANGUAGE_STANDARD = "gnu++20";
				CLANG_ENABLE_MODULES = YES;
				CLANG_ENABLE_OBJC_ARC = YES;
				CLANG_ENABLE_OBJC_WEAK = YES;
				CLANG_WARN_BLOCK_CAPTURE_AUTORELEASING = YES;
				CLANG_WARN_BOOL_CONVERSION = YES;
				CLANG_WARN_COMMA = YES;
				CLANG_WARN_CONSTANT_CONVERSION = YES;
				CLANG_WARN_DEPRECATED_OBJC_IMPLEMENTATIONS = YES;
				CLANG_WARN_DIRECT_OBJC_ISA_USAGE = YES_ERROR;
				CLANG_WARN_DOCUMENTATION_COMMENTS = YES;
				CLANG_WARN_EMPTY_BODY = YES;
				CLANG_WARN_ENUM_CONVERSION = YES;
				CLANG_WARN_INFINITE_RECURSION = YES;
				CLANG_WARN_INT_CONVERSION = YES;
				CLANG_WARN_NON_LITERAL_NULL_CONVERSION = YES;
				CLANG_WARN_OBJC_IMPLICIT_RETAIN_SELF = YES;
				CLANG_WARN_OBJC_LITERAL_CONVERSION = YES;
				CLANG_WARN_OBJC_ROOT_CLASS = YES_ERROR;
				CLANG_WARN_QUOTED_INCLUDE_IN_FRAMEWORK_HEADER = YES;
				CLANG_WARN_RANGE_LOOP_ANALYSIS = YES;
				CLANG_WARN_STRICT_PROTOTYPES = YES;
				CLANG_WARN_SUSPICIOUS_MOVE = YES;
				CLANG_WARN_UNGUARDED_AVAILABILITY = YES_AGGRESSIVE;
				CLANG_WARN_UNREACHABLE_CODE = YES;
				CLANG_WARN__DUPLICATE_METHOD_MATCH = YES;
				COPY_PHASE_STRIP = NO;
				DEBUG_INFORMATION_FORMAT = "dwarf-with-dsym";
				ENABLE_NS_ASSERTIONS = NO;
				ENABLE_STRICT_OBJC_MSGSEND = YES;
				GCC_C_LANGUAGE_STANDARD = gnu11;
				GCC_NO_COMMON_BLOCKS = YES;
				GCC_WARN_64_TO_32_BIT_CONVERSION = YES;
				GCC_WARN_ABOUT_RETURN_TYPE = YES_ERROR;
				GCC_WARN_UNDECLARED_SELECTOR = YES;
				GCC_WARN_UNINITIALIZED_AUTOS = YES_AGGRESSIVE;
				GCC_WARN_UNUSED_FUNCTION = YES;
				GCC_WARN_UNUSED_VARIABLE = YES;
				IPHONEOS_DEPLOYMENT_TARGET = 16.4;
				MTL_ENABLE_DEBUG_INFO = NO;
				MTL_FAST_MATH = YES;
				SDKROOT = iphoneos;
				SWIFT_COMPILATION_MODE = wholemodule;
				SWIFT_OPTIMIZATION_LEVEL = "-O";
				VALIDATE_PRODUCT = YES;
			};
			name = Release;
		};
		DE7670BB2B04F3E500DC2B40 /* Debug */ = {
			isa = XCBuildConfiguration;
			buildSettings = {
				ASSETCATALOG_COMPILER_APPICON_NAME = AppIcon;
				ASSETCATALOG_COMPILER_GLOBAL_ACCENT_COLOR_NAME = AccentColor;
				CODE_SIGN_STYLE = Automatic;
				CURRENT_PROJECT_VERSION = 1;
				DEVELOPMENT_ASSET_PATHS = "\"PockmonAPI/Preview Content\"";
				DEVELOPMENT_TEAM = HR74YJR7W4;
				ENABLE_PREVIEWS = YES;
				GENERATE_INFOPLIST_FILE = YES;
				INFOPLIST_KEY_UIApplicationSceneManifest_Generation = YES;
				INFOPLIST_KEY_UIApplicationSupportsIndirectInputEvents = YES;
				INFOPLIST_KEY_UILaunchScreen_Generation = YES;
				INFOPLIST_KEY_UISupportedInterfaceOrientations_iPad = "UIInterfaceOrientationPortrait UIInterfaceOrientationPortraitUpsideDown UIInterfaceOrientationLandscapeLeft UIInterfaceOrientationLandscapeRight";
				INFOPLIST_KEY_UISupportedInterfaceOrientations_iPhone = "UIInterfaceOrientationPortrait UIInterfaceOrientationLandscapeLeft UIInterfaceOrientationLandscapeRight";
				LD_RUNPATH_SEARCH_PATHS = (
					"$(inherited)",
					"@executable_path/Frameworks",
				);
				MARKETING_VERSION = 1.0;
				PRODUCT_BUNDLE_IDENTIFIER = com.moana.PockmonAPI;
				PRODUCT_NAME = "$(TARGET_NAME)";
				SWIFT_EMIT_LOC_STRINGS = YES;
				SWIFT_VERSION = 5.0;
				TARGETED_DEVICE_FAMILY = "1,2";
			};
			name = Debug;
		};
		DE7670BC2B04F3E500DC2B40 /* Release */ = {
			isa = XCBuildConfiguration;
			buildSettings = {
				ASSETCATALOG_COMPILER_APPICON_NAME = AppIcon;
				ASSETCATALOG_COMPILER_GLOBAL_ACCENT_COLOR_NAME = AccentColor;
				CODE_SIGN_STYLE = Automatic;
				CURRENT_PROJECT_VERSION = 1;
				DEVELOPMENT_ASSET_PATHS = "\"PockmonAPI/Preview Content\"";
				DEVELOPMENT_TEAM = HR74YJR7W4;
				ENABLE_PREVIEWS = YES;
				GENERATE_INFOPLIST_FILE = YES;
				INFOPLIST_KEY_UIApplicationSceneManifest_Generation = YES;
				INFOPLIST_KEY_UIApplicationSupportsIndirectInputEvents = YES;
				INFOPLIST_KEY_UILaunchScreen_Generation = YES;
				INFOPLIST_KEY_UISupportedInterfaceOrientations_iPad = "UIInterfaceOrientationPortrait UIInterfaceOrientationPortraitUpsideDown UIInterfaceOrientationLandscapeLeft UIInterfaceOrientationLandscapeRight";
				INFOPLIST_KEY_UISupportedInterfaceOrientations_iPhone = "UIInterfaceOrientationPortrait UIInterfaceOrientationLandscapeLeft UIInterfaceOrientationLandscapeRight";
				LD_RUNPATH_SEARCH_PATHS = (
					"$(inherited)",
					"@executable_path/Frameworks",
				);
				MARKETING_VERSION = 1.0;
				PRODUCT_BUNDLE_IDENTIFIER = com.moana.PockmonAPI;
				PRODUCT_NAME = "$(TARGET_NAME)";
				SWIFT_EMIT_LOC_STRINGS = YES;
				SWIFT_VERSION = 5.0;
				TARGETED_DEVICE_FAMILY = "1,2";
			};
			name = Release;
		};
/* End XCBuildConfiguration section */

/* Begin XCConfigurationList section */
		DE7670A72B04F3E300DC2B40 /* Build configuration list for PBXProject "PockmonAPI" */ = {
			isa = XCConfigurationList;
			buildConfigurations = (
				DE7670B82B04F3E500DC2B40 /* Debug */,
				DE7670B92B04F3E500DC2B40 /* Release */,
			);
			defaultConfigurationIsVisible = 0;
			defaultConfigurationName = Release;
		};
		DE7670BA2B04F3E500DC2B40 /* Build configuration list for PBXNativeTarget "PockmonAPI" */ = {
			isa = XCConfigurationList;
			buildConfigurations = (
				DE7670BB2B04F3E500DC2B40 /* Debug */,
				DE7670BC2B04F3E500DC2B40 /* Release */,
			);
			defaultConfigurationIsVisible = 0;
			defaultConfigurationName = Release;
		};
/* End XCConfigurationList section */
	};
	rootObject = DE7670A42B04F3E300DC2B40 /* Project object */;
}
